#MicroXplorer Configuration settings - do not modify
ADC1.Channel-0\#ChannelRegularConversion=ADC_CHANNEL_14
ADC1.IPParameters=Rank-0\#ChannelRegularConversion,Channel-0\#ChannelRegularConversion,SamplingTime-0\#ChannelRegularConversion,NbrOfConversionFlag,master
ADC1.NbrOfConversionFlag=1
ADC1.Rank-0\#ChannelRegularConversion=1
ADC1.SamplingTime-0\#ChannelRegularConversion=ADC_SAMPLETIME_3CYCLES
ADC1.master=1
Dma.Request0=SPI2_TX
Dma.RequestsNb=1
Dma.SPI2_TX.0.Direction=DMA_MEMORY_TO_PERIPH
Dma.SPI2_TX.0.FIFOMode=DMA_FIFOMODE_DISABLE
Dma.SPI2_TX.0.Instance=DMA1_Stream4
Dma.SPI2_TX.0.MemDataAlignment=DMA_MDATAALIGN_BYTE
Dma.SPI2_TX.0.MemInc=DMA_MINC_ENABLE
Dma.SPI2_TX.0.Mode=DMA_NORMAL
Dma.SPI2_TX.0.PeriphDataAlignment=DMA_PDATAALIGN_BYTE
Dma.SPI2_TX.0.PeriphInc=DMA_PINC_DISABLE
Dma.SPI2_TX.0.Priority=DMA_PRIORITY_LOW
Dma.SPI2_TX.0.RequestParameters=Instance,Direction,PeriphInc,MemInc,PeriphDataAlignment,MemDataAlignment,Mode,Priority,FIFOMode
File.Version=6
KeepUserPlacement=true
Mcu.Family=STM32F4
Mcu.IP0=ADC1
Mcu.IP1=DMA
Mcu.IP10=USART6
Mcu.IP11=USB_DEVICE
Mcu.IP12=USB_OTG_FS
Mcu.IP2=NVIC
Mcu.IP3=RCC
Mcu.IP4=SPI2
Mcu.IP5=SYS
Mcu.IP6=TIM1
Mcu.IP7=TIM2
Mcu.IP8=TIM3
Mcu.IP9=TIM4
Mcu.IPNb=13
Mcu.Name=STM32F411R(C-E)Tx
Mcu.Package=LQFP64
Mcu.Pin0=PC13-ANTI_TAMP
Mcu.Pin1=PC14-OSC32_IN
Mcu.Pin10=PA1
Mcu.Pin11=PA2
Mcu.Pin12=PA3
Mcu.Pin13=PA4
Mcu.Pin14=PA5
Mcu.Pin15=PA6
Mcu.Pin16=PA7
Mcu.Pin17=PC4
Mcu.Pin18=PB0
Mcu.Pin19=PB1
Mcu.Pin2=PC15-OSC32_OUT
Mcu.Pin20=PB2
Mcu.Pin21=PB10
Mcu.Pin22=PB12
Mcu.Pin23=PB13
Mcu.Pin24=PB14
Mcu.Pin25=PB15
Mcu.Pin26=PC6
Mcu.Pin27=PC7
Mcu.Pin28=PC9
Mcu.Pin29=PA8
Mcu.Pin3=PH0 - OSC_IN
Mcu.Pin30=PA9
Mcu.Pin31=PA10
Mcu.Pin32=PA11
Mcu.Pin33=PA12
Mcu.Pin34=PA13
Mcu.Pin35=PA14
Mcu.Pin36=PA15
Mcu.Pin37=PC10
Mcu.Pin38=PC11
Mcu.Pin39=PC12
Mcu.Pin4=PH1 - OSC_OUT
Mcu.Pin40=PB6
Mcu.Pin41=PB7
Mcu.Pin42=PB8
Mcu.Pin43=PB9
Mcu.Pin44=VP_SYS_VS_Systick
Mcu.Pin45=VP_TIM2_VS_ClockSourceINT
Mcu.Pin46=VP_TIM3_VS_ClockSourceINT
Mcu.Pin47=VP_USB_DEVICE_VS_USB_DEVICE_AUDIO_FS
Mcu.Pin5=PC0
Mcu.Pin6=PC1
Mcu.Pin7=PC2
Mcu.Pin8=PC3
Mcu.Pin9=PA0-WKUP
Mcu.PinsNb=48
Mcu.ThirdPartyNb=0
Mcu.UserConstants=
Mcu.UserName=STM32F411RCTx
MxCube.Version=4.24.0
MxDb.Version=DB.4.0.240
NVIC.BusFault_IRQn=true\:0\:0\:false\:false\:true\:false
NVIC.DMA1_Stream4_IRQn=true\:0\:0\:false\:false\:true\:false
NVIC.DebugMonitor_IRQn=true\:0\:0\:false\:false\:true\:false
NVIC.HardFault_IRQn=true\:0\:0\:false\:false\:true\:false
NVIC.MemoryManagement_IRQn=true\:0\:0\:false\:false\:true\:false
NVIC.NonMaskableInt_IRQn=true\:0\:0\:false\:false\:true\:false
NVIC.OTG_FS_IRQn=true\:0\:0\:false\:false\:true\:false
NVIC.PendSV_IRQn=true\:0\:0\:false\:false\:true\:false
NVIC.PriorityGroup=NVIC_PRIORITYGROUP_4
NVIC.SVCall_IRQn=true\:0\:0\:false\:false\:true\:false
NVIC.SysTick_IRQn=true\:0\:0\:false\:false\:true\:false
NVIC.UsageFault_IRQn=true\:0\:0\:false\:false\:true\:false
PA0-WKUP.GPIOParameters=GPIO_ModeDefaultPP,GPIO_Speed,GPIO_PuPd,GPIO_Label
PA0-WKUP.GPIO_Label=PWM_RED1
PA0-WKUP.GPIO_ModeDefaultPP=GPIO_MODE_AF_PP
PA0-WKUP.GPIO_PuPd=GPIO_PULLDOWN
PA0-WKUP.GPIO_Speed=GPIO_SPEED_FREQ_VERY_HIGH
PA0-WKUP.Locked=true
PA0-WKUP.Signal=S_TIM2_CH1_ETR
PA1.GPIOParameters=GPIO_ModeDefaultPP,GPIO_Speed,GPIO_PuPd,GPIO_Label
PA1.GPIO_Label=PWM_RED2
PA1.GPIO_ModeDefaultPP=GPIO_MODE_AF_PP
PA1.GPIO_PuPd=GPIO_PULLDOWN
PA1.GPIO_Speed=GPIO_SPEED_FREQ_VERY_HIGH
PA1.Locked=true
PA1.Signal=S_TIM2_CH2
PA10.GPIOParameters=GPIO_Speed,PinState,GPIO_Label,GPIO_ModeDefaultOutputPP
PA10.GPIO_Label=GRID_COLUMN_OUT3
PA10.GPIO_ModeDefaultOutputPP=GPIO_MODE_OUTPUT_OD
PA10.GPIO_Speed=GPIO_SPEED_FREQ_VERY_HIGH
PA10.Locked=true
PA10.PinState=GPIO_PIN_SET
PA10.Signal=GPIO_Output
PA11.GPIOParameters=GPIO_Label
PA11.GPIO_Label=USB_DM
PA11.Locked=true
PA11.Mode=Device_Only
PA11.Signal=USB_OTG_FS_DM
PA12.GPIOParameters=GPIO_Label
PA12.GPIO_Label=USB_DP
PA12.Locked=true
PA12.Mode=Device_Only
PA12.Signal=USB_OTG_FS_DP
PA13.GPIOParameters=GPIO_Label
PA13.GPIO_Label=SWDIO
PA13.Locked=true
PA13.Mode=Serial_Wire
PA13.Signal=SYS_JTMS-SWDIO
PA14.GPIOParameters=GPIO_Label
PA14.GPIO_Label=SWDCLK
PA14.Locked=true
PA14.Mode=Serial_Wire
PA14.Signal=SYS_JTCK-SWCLK
PA15.GPIOParameters=GPIO_Speed,PinState,GPIO_Label,GPIO_ModeDefaultOutputPP
PA15.GPIO_Label=GRID_COLUMN_OUT6
PA15.GPIO_ModeDefaultOutputPP=GPIO_MODE_OUTPUT_OD
PA15.GPIO_Speed=GPIO_SPEED_FREQ_VERY_HIGH
PA15.Locked=true
PA15.PinState=GPIO_PIN_SET
PA15.Signal=GPIO_Output
PA2.GPIOParameters=GPIO_ModeDefaultPP,GPIO_Speed,GPIO_PuPd,GPIO_Label
PA2.GPIO_Label=PWM_RED3
PA2.GPIO_ModeDefaultPP=GPIO_MODE_AF_PP
PA2.GPIO_PuPd=GPIO_PULLDOWN
PA2.GPIO_Speed=GPIO_SPEED_FREQ_VERY_HIGH
PA2.Locked=true
PA2.Signal=S_TIM2_CH3
PA3.GPIOParameters=GPIO_ModeDefaultPP,GPIO_Speed,GPIO_PuPd,GPIO_Label
PA3.GPIO_Label=PWM_RED4
PA3.GPIO_ModeDefaultPP=GPIO_MODE_AF_PP
PA3.GPIO_PuPd=GPIO_PULLDOWN
PA3.GPIO_Speed=GPIO_SPEED_FREQ_VERY_HIGH
PA3.Locked=true
PA3.Signal=S_TIM2_CH4
PA4.GPIOParameters=GPIO_Speed,PinState,GPIO_Label,GPIO_ModeDefaultOutputPP
PA4.GPIO_Label=GRID_COLUMN_OUT5
PA4.GPIO_ModeDefaultOutputPP=GPIO_MODE_OUTPUT_OD
PA4.GPIO_Speed=GPIO_SPEED_FREQ_VERY_HIGH
PA4.Locked=true
PA4.PinState=GPIO_PIN_SET
PA4.Signal=GPIO_Output
PA5.GPIOParameters=GPIO_Speed,PinState,GPIO_Label,GPIO_ModeDefaultOutputPP
PA5.GPIO_Label=GRID_COLUMN_OUT4
PA5.GPIO_ModeDefaultOutputPP=GPIO_MODE_OUTPUT_OD
PA5.GPIO_Speed=GPIO_SPEED_FREQ_VERY_HIGH
PA5.Locked=true
PA5.PinState=GPIO_PIN_SET
PA5.Signal=GPIO_Output
PA6.GPIOParameters=GPIO_ModeDefaultPP,GPIO_Speed,GPIO_PuPd,GPIO_Label
PA6.GPIO_Label=PWM_BLUE1
PA6.GPIO_ModeDefaultPP=GPIO_MODE_AF_PP
PA6.GPIO_PuPd=GPIO_PULLDOWN
PA6.GPIO_Speed=GPIO_SPEED_FREQ_VERY_HIGH
PA6.Locked=true
PA6.Signal=S_TIM3_CH1
PA7.GPIOParameters=GPIO_ModeDefaultPP,GPIO_Speed,GPIO_PuPd,GPIO_Label
PA7.GPIO_Label=PWM_BLUE2
PA7.GPIO_ModeDefaultPP=GPIO_MODE_AF_PP
PA7.GPIO_PuPd=GPIO_PULLDOWN
PA7.GPIO_Speed=GPIO_SPEED_FREQ_VERY_HIGH
PA7.Locked=true
PA7.Signal=S_TIM3_CH2
PA8.GPIOParameters=GPIO_Speed,PinState,GPIO_Label,GPIO_ModeDefaultOutputPP
PA8.GPIO_Label=GRID_COLUMN_OUT1
PA8.GPIO_ModeDefaultOutputPP=GPIO_MODE_OUTPUT_OD
PA8.GPIO_Speed=GPIO_SPEED_FREQ_VERY_HIGH
PA8.Locked=true
PA8.PinState=GPIO_PIN_SET
PA8.Signal=GPIO_Output
PA9.GPIOParameters=GPIO_Speed,PinState,GPIO_Label,GPIO_ModeDefaultOutputPP
PA9.GPIO_Label=GRID_COLUMN_OUT2
PA9.GPIO_ModeDefaultOutputPP=GPIO_MODE_OUTPUT_OD
PA9.GPIO_Speed=GPIO_SPEED_FREQ_VERY_HIGH
PA9.Locked=true
PA9.PinState=GPIO_PIN_SET
PA9.Signal=GPIO_Output
PB0.GPIOParameters=GPIO_ModeDefaultPP,GPIO_Speed,GPIO_PuPd,GPIO_Label
PB0.GPIO_Label=PWM_BLUE3
PB0.GPIO_ModeDefaultPP=GPIO_MODE_AF_PP
PB0.GPIO_PuPd=GPIO_PULLDOWN
PB0.GPIO_Speed=GPIO_SPEED_FREQ_VERY_HIGH
PB0.Locked=true
PB0.Signal=S_TIM3_CH3
PB1.GPIOParameters=GPIO_ModeDefaultPP,GPIO_Speed,GPIO_PuPd,GPIO_Label
PB1.GPIO_Label=PWM_BLUE4
PB1.GPIO_ModeDefaultPP=GPIO_MODE_AF_PP
PB1.GPIO_PuPd=GPIO_PULLDOWN
PB1.GPIO_Speed=GPIO_SPEED_FREQ_VERY_HIGH
PB1.Locked=true
PB1.Signal=S_TIM3_CH4
PB10.GPIOParameters=GPIO_Speed,PinState,GPIO_PuPd,GPIO_Label
PB10.GPIO_Label=LCD_DC
PB10.GPIO_PuPd=GPIO_PULLUP
PB10.GPIO_Speed=GPIO_SPEED_FREQ_HIGH
PB10.Locked=true
PB10.PinState=GPIO_PIN_SET
PB10.Signal=GPIO_Output
PB12.GPIOParameters=GPIO_Label
PB12.GPIO_Label=LCD_CS
PB12.Locked=true
PB12.Mode=NSS_Signal_Hard_Output
PB12.Signal=SPI2_NSS
PB13.GPIOParameters=GPIO_Label
PB13.GPIO_Label=LCD_SCK
PB13.Locked=true
PB13.Mode=TX_Only_Simplex_Unidirect_Master
PB13.Signal=SPI2_SCK
PB14.GPIOParameters=GPIO_Label
PB14.GPIO_Label=LCD_LIGHT
PB14.Locked=true
PB14.Mode=PWM Generation2 CH2N
PB14.Signal=TIM1_CH2N
PB15.GPIOParameters=GPIO_Label
PB15.GPIO_Label=LCD_MOSI
PB15.Locked=true
PB15.Mode=TX_Only_Simplex_Unidirect_Master
PB15.Signal=SPI2_MOSI
PB2.GPIOParameters=GPIO_Speed,PinState,GPIO_PuPd,GPIO_Label
PB2.GPIO_Label=LCD_RESET
PB2.GPIO_PuPd=GPIO_PULLUP
PB2.GPIO_Speed=GPIO_SPEED_FREQ_HIGH
PB2.Locked=true
PB2.PinState=GPIO_PIN_SET
PB2.Signal=GPIO_Output
PB6.GPIOParameters=GPIO_ModeDefaultPP,GPIO_Speed,GPIO_PuPd,GPIO_Label
PB6.GPIO_Label=PWM_GREEN1
PB6.GPIO_ModeDefaultPP=GPIO_MODE_AF_PP
PB6.GPIO_PuPd=GPIO_PULLDOWN
PB6.GPIO_Speed=GPIO_SPEED_FREQ_VERY_HIGH
PB6.Locked=true
PB6.Signal=S_TIM4_CH1
PB7.GPIOParameters=GPIO_ModeDefaultPP,GPIO_Speed,GPIO_PuPd,GPIO_Label
PB7.GPIO_Label=PWM_GREEN2
PB7.GPIO_ModeDefaultPP=GPIO_MODE_AF_PP
PB7.GPIO_PuPd=GPIO_PULLDOWN
PB7.GPIO_Speed=GPIO_SPEED_FREQ_VERY_HIGH
PB7.Locked=true
PB7.Signal=S_TIM4_CH2
PB8.GPIOParameters=GPIO_ModeDefaultPP,GPIO_Speed,GPIO_PuPd,GPIO_Label
PB8.GPIO_Label=PWM_GREEN3
PB8.GPIO_ModeDefaultPP=GPIO_MODE_AF_PP
PB8.GPIO_PuPd=GPIO_PULLDOWN
PB8.GPIO_Speed=GPIO_SPEED_FREQ_VERY_HIGH
PB8.Locked=true
PB8.Signal=S_TIM4_CH3
PB9.GPIOParameters=GPIO_ModeDefaultPP,GPIO_Speed,GPIO_PuPd,GPIO_Label
PB9.GPIO_Label=PWM_GREEN4
PB9.GPIO_ModeDefaultPP=GPIO_MODE_AF_PP
PB9.GPIO_PuPd=GPIO_PULLDOWN
PB9.GPIO_Speed=GPIO_SPEED_FREQ_VERY_HIGH
PB9.Locked=true
PB9.Signal=S_TIM4_CH4
PC0.GPIOParameters=GPIO_PuPd,GPIO_Label,GPIO_Mode
PC0.GPIO_Label=GRID_BUTTON_IN1
PC0.GPIO_Mode=GPIO_MODE_INPUT
PC0.GPIO_PuPd=GPIO_PULLDOWN
PC0.Locked=true
PC0.Signal=GPIO_Input
PC1.GPIOParameters=GPIO_PuPd,GPIO_Label,GPIO_Mode
PC1.GPIO_Label=GRID_BUTTON_IN2
PC1.GPIO_Mode=GPIO_MODE_INPUT
PC1.GPIO_PuPd=GPIO_PULLDOWN
PC1.Locked=true
PC1.Signal=GPIO_Input
PC10.GPIOParameters=GPIO_PuPd,GPIO_Label,GPIO_Mode
PC10.GPIO_Label=BUTTON_IN2
PC10.GPIO_Mode=GPIO_MODE_INPUT
PC10.GPIO_PuPd=GPIO_PULLUP
PC10.Locked=true
PC10.Signal=GPIO_Input
PC11.GPIOParameters=GPIO_PuPd,GPIO_Label,GPIO_Mode
PC11.GPIO_Label=ROTARY2_A
PC11.GPIO_Mode=GPIO_MODE_INPUT
PC11.GPIO_PuPd=GPIO_PULLUP
PC11.Locked=true
PC11.Signal=GPIO_Input
PC12.GPIOParameters=GPIO_PuPd,GPIO_Label,GPIO_Mode
PC12.GPIO_Label=ROTARY2_B
PC12.GPIO_Mode=GPIO_MODE_INPUT
PC12.GPIO_PuPd=GPIO_PULLUP
PC12.Locked=true
PC12.Signal=GPIO_Input
PC13-ANTI_TAMP.GPIOParameters=GPIO_PuPd,GPIO_Label,GPIO_Mode
PC13-ANTI_TAMP.GPIO_Label=BUTTON_IN1
PC13-ANTI_TAMP.GPIO_Mode=GPIO_MODE_INPUT
PC13-ANTI_TAMP.GPIO_PuPd=GPIO_PULLUP
PC13-ANTI_TAMP.Locked=true
PC13-ANTI_TAMP.Signal=GPIO_Input
PC14-OSC32_IN.GPIOParameters=GPIO_PuPd,GPIO_Label,GPIO_Mode
PC14-OSC32_IN.GPIO_Label=ROTARY1_A
PC14-OSC32_IN.GPIO_Mode=GPIO_MODE_INPUT
PC14-OSC32_IN.GPIO_PuPd=GPIO_PULLUP
PC14-OSC32_IN.Locked=true
PC14-OSC32_IN.Signal=GPIO_Input
PC15-OSC32_OUT.GPIOParameters=GPIO_PuPd,GPIO_Label,GPIO_Mode
PC15-OSC32_OUT.GPIO_Label=ROTARY1_B
PC15-OSC32_OUT.GPIO_Mode=GPIO_MODE_INPUT
PC15-OSC32_OUT.GPIO_PuPd=GPIO_PULLUP
PC15-OSC32_OUT.Locked=true
PC15-OSC32_OUT.Signal=GPIO_Input
PC2.GPIOParameters=GPIO_PuPd,GPIO_Label,GPIO_Mode
PC2.GPIO_Label=GRID_BUTTON_IN3
PC2.GPIO_Mode=GPIO_MODE_INPUT
PC2.GPIO_PuPd=GPIO_PULLDOWN
PC2.Locked=true
PC2.Signal=GPIO_Input
PC3.GPIOParameters=GPIO_PuPd,GPIO_Label,GPIO_Mode
PC3.GPIO_Label=GRID_BUTTON_IN4
PC3.GPIO_Mode=GPIO_MODE_INPUT
PC3.GPIO_PuPd=GPIO_PULLDOWN
PC3.Locked=true
PC3.Signal=GPIO_Input
PC4.Locked=true
PC4.Signal=ADCx_IN14
PC6.GPIOParameters=GPIO_Label
PC6.GPIO_Label=MIDI_OUT
PC6.Locked=true
PC6.Mode=Asynchronous
PC6.Signal=USART6_TX
PC7.GPIOParameters=GPIO_Label
PC7.GPIO_Label=MIDI_IN
PC7.Locked=true
PC7.Mode=Asynchronous
PC7.Signal=USART6_RX
PC9.GPIOParameters=GPIO_PuPd,GPIO_Label
PC9.GPIO_Label=MIDI_OUT_DETECT
PC9.GPIO_PuPd=GPIO_PULLDOWN
PC9.Locked=true
PC9.Signal=GPIO_Input
PCC.Checker=false
PCC.Line=STM32F411
PCC.MCU=STM32F411R(C-E)Tx
PCC.PartNumber=STM32F411RCTx
PCC.Seq0=0
PCC.Series=STM32F4
PCC.Temperature=25
PCC.Vdd=null
PH0\ -\ OSC_IN.Locked=true
PH0\ -\ OSC_IN.Mode=HSE-External-Oscillator
PH0\ -\ OSC_IN.Signal=RCC_OSC_IN
PH1\ -\ OSC_OUT.Locked=true
PH1\ -\ OSC_OUT.Mode=HSE-External-Oscillator
PH1\ -\ OSC_OUT.Signal=RCC_OSC_OUT
PinOutPanel.RotationAngle=0
ProjectManager.AskForMigrate=true
ProjectManager.BackupPrevious=false
ProjectManager.CompilerOptimize=2
ProjectManager.ComputerToolchain=false
ProjectManager.CoupleFile=false
ProjectManager.CustomerFirmwarePackage=C\:/Users/Gedas/STM32Cube/Repository/STM32Cube_FW_F4_V1.19.0
ProjectManager.DefaultFWLocation=true
ProjectManager.DeletePrevious=true
ProjectManager.DeviceId=STM32F411RCTx
ProjectManager.FirmwarePackage=STM32Cube FW_F4 V1.19.0
ProjectManager.FreePins=false
ProjectManager.HalAssertFull=false
ProjectManager.HeapSize=0x200
ProjectManager.KeepUserCode=true
ProjectManager.LastFirmware=true
ProjectManager.LibraryCopy=1
ProjectManager.PreviousToolchain=SW4STM32
ProjectManager.ProjectBuild=false
ProjectManager.ProjectFileName=midi-grid.ioc
ProjectManager.ProjectName=midi-grid
ProjectManager.StackSize=0x400
ProjectManager.TargetToolchain=SW4STM32
ProjectManager.ToolChainLocation=
ProjectManager.UnderRoot=true
ProjectManager.functionlistsort=1-MX_GPIO_Init-GPIO-false-HAL-true,2-MX_DMA_Init-DMA-false-HAL-true,3-SystemClock_Config-RCC-false-HAL-true,4-MX_SPI2_Init-SPI2-false-HAL-true,5-MX_TIM1_Init-TIM1-false-HAL-true,6-MX_TIM2_Init-TIM2-false-HAL-true,7-MX_TIM3_Init-TIM3-false-HAL-true,8-MX_TIM4_Init-TIM4-false-HAL-true,9-MX_USART6_UART_Init-USART6-false-HAL-true,10-MX_USB_DEVICE_Init-USB_DEVICE-false-HAL-true,11-MX_ADC1_Init-ADC1-false-HAL-true
RCC.48MHZClocksFreq_Value=48000000
RCC.AHBFreq_Value=96000000
RCC.APB1CLKDivider=RCC_HCLK_DIV2
RCC.APB1Freq_Value=48000000
RCC.APB1TimFreq_Value=96000000
RCC.APB2Freq_Value=96000000
RCC.APB2TimFreq_Value=96000000
RCC.CortexFreq_Value=96000000
RCC.EthernetFreq_Value=96000000
RCC.FCLKCortexFreq_Value=96000000
RCC.FamilyName=M
RCC.HCLKFreq_Value=96000000
RCC.HSE_VALUE=8000000
RCC.HSI_VALUE=16000000
RCC.I2SClocksFreq_Value=48000000
RCC.IPParameters=48MHZClocksFreq_Value,AHBFreq_Value,APB1CLKDivider,APB1Freq_Value,APB1TimFreq_Value,APB2Freq_Value,APB2TimFreq_Value,CortexFreq_Value,EthernetFreq_Value,FCLKCortexFreq_Value,FamilyName,HCLKFreq_Value,HSE_VALUE,HSI_VALUE,I2SClocksFreq_Value,LSE_VALUE,LSI_VALUE,MCO2PinFreq_Value,PLLCLKFreq_Value,PLLM,PLLQCLKFreq_Value,RTCFreq_Value,RTCHSEDivFreq_Value,SYSCLKFreq_VALUE,SYSCLKSource,VCOI2SOutputFreq_Value,VCOInputFreq_Value,VCOInputMFreq_Value,VCOOutputFreq_Value,VcooutputI2S
RCC.LSE_VALUE=32768
RCC.LSI_VALUE=32000
RCC.MCO2PinFreq_Value=96000000
RCC.PLLCLKFreq_Value=96000000
RCC.PLLM=8
RCC.PLLQCLKFreq_Value=48000000
RCC.RTCFreq_Value=32000
RCC.RTCHSEDivFreq_Value=4000000
RCC.SYSCLKFreq_VALUE=96000000
RCC.SYSCLKSource=RCC_SYSCLKSOURCE_PLLCLK
RCC.VCOI2SOutputFreq_Value=96000000
RCC.VCOInputFreq_Value=1000000
RCC.VCOInputMFreq_Value=500000
RCC.VCOOutputFreq_Value=192000000
RCC.VcooutputI2S=48000000
SH.ADCx_IN14.0=ADC1_IN14,IN14
SH.ADCx_IN14.ConfNb=1
SH.S_TIM2_CH1_ETR.0=TIM2_CH1,PWM Generation1 CH1
SH.S_TIM2_CH1_ETR.ConfNb=1
SH.S_TIM2_CH2.0=TIM2_CH2,PWM Generation2 CH2
SH.S_TIM2_CH2.ConfNb=1
SH.S_TIM2_CH3.0=TIM2_CH3,PWM Generation3 CH3
SH.S_TIM2_CH3.ConfNb=1
SH.S_TIM2_CH4.0=TIM2_CH4,PWM Generation4 CH4
SH.S_TIM2_CH4.ConfNb=1
SH.S_TIM3_CH1.0=TIM3_CH1,PWM Generation1 CH1
SH.S_TIM3_CH1.ConfNb=1
SH.S_TIM3_CH2.0=TIM3_CH2,PWM Generation2 CH2
SH.S_TIM3_CH2.ConfNb=1
SH.S_TIM3_CH3.0=TIM3_CH3,PWM Generation3 CH3
SH.S_TIM3_CH3.ConfNb=1
SH.S_TIM3_CH4.0=TIM3_CH4,PWM Generation4 CH4
SH.S_TIM3_CH4.ConfNb=1
SH.S_TIM4_CH1.0=TIM4_CH1,PWM Generation1 CH1
SH.S_TIM4_CH1.ConfNb=1
SH.S_TIM4_CH2.0=TIM4_CH2,PWM Generation2 CH2
SH.S_TIM4_CH2.ConfNb=1
SH.S_TIM4_CH3.0=TIM4_CH3,PWM Generation3 CH3
SH.S_TIM4_CH3.ConfNb=1
SH.S_TIM4_CH4.0=TIM4_CH4,PWM Generation4 CH4
SH.S_TIM4_CH4.ConfNb=1
SPI2.BaudRatePrescaler=SPI_BAUDRATEPRESCALER_16
SPI2.CalculateBaudRate=3.0 MBits/s
SPI2.Direction=SPI_DIRECTION_2LINES
SPI2.IPParameters=VirtualType,Mode,Direction,CalculateBaudRate,BaudRatePrescaler,VirtualNSS
SPI2.Mode=SPI_MODE_MASTER
SPI2.VirtualNSS=VM_NSSHARD
SPI2.VirtualType=VM_MASTER
TIM1.Channel-PWM\ Generation2\ CH2N=TIM_CHANNEL_2
TIM1.IPParameters=Channel-PWM Generation2 CH2N,Prescaler,Period
TIM1.Period=49000
TIM1.Prescaler=15
TIM2.Channel-PWM\ Generation1\ CH1=TIM_CHANNEL_1
TIM2.Channel-PWM\ Generation2\ CH2=TIM_CHANNEL_2
TIM2.Channel-PWM\ Generation3\ CH3=TIM_CHANNEL_3
TIM2.Channel-PWM\ Generation4\ CH4=TIM_CHANNEL_4
TIM2.IPParameters=Channel-PWM Generation1 CH1,Channel-PWM Generation2 CH2,Channel-PWM Generation4 CH4,OCMode_PWM-PWM Generation1 CH1,OCMode_PWM-PWM Generation2 CH2,Period,Pulse-PWM Generation1 CH1,Pulse-PWM Generation2 CH2,Pulse-PWM Generation4 CH4,OCMode_PWM-PWM Generation4 CH4,Channel-PWM Generation3 CH3,OCMode_PWM-PWM Generation3 CH3,Pulse-PWM Generation3 CH3,TIM_MasterSlaveMode
TIM2.OCMode_PWM-PWM\ Generation1\ CH1=TIM_OCMODE_PWM2
TIM2.OCMode_PWM-PWM\ Generation2\ CH2=TIM_OCMODE_PWM2
TIM2.OCMode_PWM-PWM\ Generation3\ CH3=TIM_OCMODE_PWM2
TIM2.OCMode_PWM-PWM\ Generation4\ CH4=TIM_OCMODE_PWM2
TIM2.Period=48999
TIM2.Pulse-PWM\ Generation1\ CH1=48999
TIM2.Pulse-PWM\ Generation2\ CH2=48999
TIM2.Pulse-PWM\ Generation3\ CH3=48999
TIM2.Pulse-PWM\ Generation4\ CH4=48999
TIM2.TIM_MasterSlaveMode=TIM_MASTERSLAVEMODE_ENABLE
TIM3.Channel-PWM\ Generation1\ CH1=TIM_CHANNEL_1
TIM3.Channel-PWM\ Generation2\ CH2=TIM_CHANNEL_2
TIM3.Channel-PWM\ Generation3\ CH3=TIM_CHANNEL_3
TIM3.Channel-PWM\ Generation4\ CH4=TIM_CHANNEL_4
TIM3.IPParameters=Channel-PWM Generation1 CH1,Channel-PWM Generation2 CH2,Channel-PWM Generation3 CH3,Channel-PWM Generation4 CH4,OCMode_PWM-PWM Generation1 CH1,Pulse-PWM Generation1 CH1,Period,OCMode_PWM-PWM Generation2 CH2,Pulse-PWM Generation2 CH2,OCMode_PWM-PWM Generation3 CH3,Pulse-PWM Generation3 CH3,OCMode_PWM-PWM Generation4 CH4,Pulse-PWM Generation4 CH4,TIM_MasterSlaveMode
TIM3.OCMode_PWM-PWM\ Generation1\ CH1=TIM_OCMODE_PWM2
TIM3.OCMode_PWM-PWM\ Generation2\ CH2=TIM_OCMODE_PWM2
TIM3.OCMode_PWM-PWM\ Generation3\ CH3=TIM_OCMODE_PWM2
TIM3.OCMode_PWM-PWM\ Generation4\ CH4=TIM_OCMODE_PWM2
TIM3.Period=48999
TIM3.Pulse-PWM\ Generation1\ CH1=48999
TIM3.Pulse-PWM\ Generation2\ CH2=48999
TIM3.Pulse-PWM\ Generation3\ CH3=48999
TIM3.Pulse-PWM\ Generation4\ CH4=48999
TIM3.TIM_MasterSlaveMode=TIM_MASTERSLAVEMODE_ENABLE
TIM4.Channel-PWM\ Generation1\ CH1=TIM_CHANNEL_1
TIM4.Channel-PWM\ Generation2\ CH2=TIM_CHANNEL_2
TIM4.Channel-PWM\ Generation3\ CH3=TIM_CHANNEL_3
TIM4.Channel-PWM\ Generation4\ CH4=TIM_CHANNEL_4
TIM4.IPParameters=Channel-PWM Generation1 CH1,Channel-PWM Generation2 CH2,Channel-PWM Generation3 CH3,Channel-PWM Generation4 CH4,Period,OCMode_PWM-PWM Generation1 CH1,Pulse-PWM Generation1 CH1,OCMode_PWM-PWM Generation2 CH2,Pulse-PWM Generation2 CH2,OCMode_PWM-PWM Generation3 CH3,Pulse-PWM Generation3 CH3,OCMode_PWM-PWM Generation4 CH4,Pulse-PWM Generation4 CH4
TIM4.OCMode_PWM-PWM\ Generation1\ CH1=TIM_OCMODE_PWM2
TIM4.OCMode_PWM-PWM\ Generation2\ CH2=TIM_OCMODE_PWM2
TIM4.OCMode_PWM-PWM\ Generation3\ CH3=TIM_OCMODE_PWM2
TIM4.OCMode_PWM-PWM\ Generation4\ CH4=TIM_OCMODE_PWM2
TIM4.Period=48999
TIM4.Pulse-PWM\ Generation1\ CH1=48999
TIM4.Pulse-PWM\ Generation2\ CH2=48999
TIM4.Pulse-PWM\ Generation3\ CH3=48999
TIM4.Pulse-PWM\ Generation4\ CH4=48999
USART6.BaudRate=31250
USART6.IPParameters=VirtualMode,BaudRate
USART6.VirtualMode=VM_ASYNC
USB_DEVICE.CLASS_NAME_FS=AUDIO
USB_DEVICE.IPParameters=VirtualMode,VirtualModeFS,CLASS_NAME_FS
USB_DEVICE.VirtualMode=Audio
USB_DEVICE.VirtualModeFS=Audio_FS
USB_OTG_FS.IPParameters=VirtualMode,lpm_enable
USB_OTG_FS.VirtualMode=Device_Only
USB_OTG_FS.lpm_enable=ENABLE
VP_SYS_VS_Systick.Mode=SysTick
VP_SYS_VS_Systick.Signal=SYS_VS_Systick
VP_TIM2_VS_ClockSourceINT.Mode=Internal
VP_TIM2_VS_ClockSourceINT.Signal=TIM2_VS_ClockSourceINT
VP_TIM3_VS_ClockSourceINT.Mode=Internal
VP_TIM3_VS_ClockSourceINT.Signal=TIM3_VS_ClockSourceINT
VP_USB_DEVICE_VS_USB_DEVICE_AUDIO_FS.Mode=AUDIO_FS
VP_USB_DEVICE_VS_USB_DEVICE_AUDIO_FS.Signal=USB_DEVICE_VS_USB_DEVICE_AUDIO_FS
board=midi-grid
